
Microsoft Visual Studio Solution File, Format Version 12.00
# Visual Studio 2012
Project("{FAE04EC0-301F-11D3-BF4B-00C04F79EFBC}") = "MVC Apps", "MVC Apps\MVC Apps.csproj", "{0EF9C3AA-6970-48F1-9F5F-44BA65017E61}"
EndProject
Project("{FAE04EC0-301F-11D3-BF4B-00C04F79EFBC}") = "MVC Apps.Tests", "MVC Apps.Tests\MVC Apps.Tests.csproj", "{5A3F0D75-F4D5-4A48-A8BE-A1E15725B1B9}"
EndProject
Global
	GlobalSection(SolutionConfigurationPlatforms) = preSolution
		Debug|Any CPU = Debug|Any CPU
		Release|Any CPU = Release|Any CPU
	EndGlobalSection
	GlobalSection(ProjectConfigurationPlatforms) = postSolution
		{0EF9C3AA-6970-48F1-9F5F-44BA65017E61}.Debug|Any CPU.ActiveCfg = Debug|Any CPU
		{0EF9C3AA-6970-48F1-9F5F-44BA65017E61}.Debug|Any CPU.Build.0 = Debug|Any CPU
		{0EF9C3AA-6970-48F1-9F5F-44BA65017E61}.Release|Any CPU.ActiveCfg = Release|Any CPU
		{0EF9C3AA-6970-48F1-9F5F-44BA65017E61}.Release|Any CPU.Build.0 = Release|Any CPU
		{5A3F0D75-F4D5-4A48-A8BE-A1E15725B1B9}.Debug|Any CPU.ActiveCfg = Debug|Any CPU
		{5A3F0D75-F4D5-4A48-A8BE-A1E15725B1B9}.Debug|Any CPU.Build.0 = Debug|Any CPU
		{5A3F0D75-F4D5-4A48-A8BE-A1E15725B1B9}.Release|Any CPU.ActiveCfg = Release|Any CPU
		{5A3F0D75-F4D5-4A48-A8BE-A1E15725B1B9}.Release|Any CPU.Build.0 = Release|Any CPU
	EndGlobalSection
	GlobalSection(SolutionProperties) = preSolution
		HideSolutionNode = FALSE
	EndGlobalSection
EndGlobal
